
Microsoft Visual Studio Solution File, Format Version 12.00
# Visual Studio Version 16
VisualStudioVersion = 16.0.30114.105
MinimumVisualStudioVersion = 10.0.40219.1
Project("{9A19103F-16F7-4668-BE54-9A1E7A4F7556}") = "AggregatorLib", "AggregatorLib\AggregatorLib.csproj", "{ED2A1B9F-946F-43EE-A3B2-EED9904CCD24}"
EndProject
Project("{9A19103F-16F7-4668-BE54-9A1E7A4F7556}") = "AggregatorLibTest", "AggregatorLibTest\AggregatorLibTest.csproj", "{29EF34C4-8832-4487-9F9A-ABC4D995765A}"
EndProject
Project("{FAE04EC0-301F-11D3-BF4B-00C04F79EFBC}") = "Aggregator", "Aggregator\Aggregator.csproj", "{EB826D78-741F-4229-B2E3-CDCBC801E8C9}"
EndProject
Global
	GlobalSection(SolutionConfigurationPlatforms) = preSolution
		Debug|Any CPU = Debug|Any CPU
		Debug|x64 = Debug|x64
		Debug|x86 = Debug|x86
		Release|Any CPU = Release|Any CPU
		Release|x64 = Release|x64
		Release|x86 = Release|x86
	EndGlobalSection
	GlobalSection(ProjectConfigurationPlatforms) = postSolution
		{ED2A1B9F-946F-43EE-A3B2-EED9904CCD24}.Debug|Any CPU.ActiveCfg = Debug|Any CPU
		{ED2A1B9F-946F-43EE-A3B2-EED9904CCD24}.Debug|Any CPU.Build.0 = Debug|Any CPU
		{ED2A1B9F-946F-43EE-A3B2-EED9904CCD24}.Debug|x64.ActiveCfg = Debug|Any CPU
		{ED2A1B9F-946F-43EE-A3B2-EED9904CCD24}.Debug|x64.Build.0 = Debug|Any CPU
		{ED2A1B9F-946F-43EE-A3B2-EED9904CCD24}.Debug|x86.ActiveCfg = Debug|Any CPU
		{ED2A1B9F-946F-43EE-A3B2-EED9904CCD24}.Debug|x86.Build.0 = Debug|Any CPU
		{ED2A1B9F-946F-43EE-A3B2-EED9904CCD24}.Release|Any CPU.ActiveCfg = Release|Any CPU
		{ED2A1B9F-946F-43EE-A3B2-EED9904CCD24}.Release|Any CPU.Build.0 = Release|Any CPU
		{ED2A1B9F-946F-43EE-A3B2-EED9904CCD24}.Release|x64.ActiveCfg = Release|Any CPU
		{ED2A1B9F-946F-43EE-A3B2-EED9904CCD24}.Release|x64.Build.0 = Release|Any CPU
		{ED2A1B9F-946F-43EE-A3B2-EED9904CCD24}.Release|x86.ActiveCfg = Release|Any CPU
		{ED2A1B9F-946F-43EE-A3B2-EED9904CCD24}.Release|x86.Build.0 = Release|Any CPU
		{29EF34C4-8832-4487-9F9A-ABC4D995765A}.Debug|Any CPU.ActiveCfg = Debug|Any CPU
		{29EF34C4-8832-4487-9F9A-ABC4D995765A}.Debug|Any CPU.Build.0 = Debug|Any CPU
		{29EF34C4-8832-4487-9F9A-ABC4D995765A}.Debug|x64.ActiveCfg = Debug|Any CPU
		{29EF34C4-8832-4487-9F9A-ABC4D995765A}.Debug|x64.Build.0 = Debug|Any CPU
		{29EF34C4-8832-4487-9F9A-ABC4D995765A}.Debug|x86.ActiveCfg = Debug|Any CPU
		{29EF34C4-8832-4487-9F9A-ABC4D995765A}.Debug|x86.Build.0 = Debug|Any CPU
		{29EF34C4-8832-4487-9F9A-ABC4D995765A}.Release|Any CPU.ActiveCfg = Release|Any CPU
		{29EF34C4-8832-4487-9F9A-ABC4D995765A}.Release|Any CPU.Build.0 = Release|Any CPU
		{29EF34C4-8832-4487-9F9A-ABC4D995765A}.Release|x64.ActiveCfg = Release|Any CPU
		{29EF34C4-8832-4487-9F9A-ABC4D995765A}.Release|x64.Build.0 = Release|Any CPU
		{29EF34C4-8832-4487-9F9A-ABC4D995765A}.Release|x86.ActiveCfg = Release|Any CPU
		{29EF34C4-8832-4487-9F9A-ABC4D995765A}.Release|x86.Build.0 = Release|Any CPU
		{EB826D78-741F-4229-B2E3-CDCBC801E8C9}.Debug|Any CPU.ActiveCfg = Debug|Any CPU
		{EB826D78-741F-4229-B2E3-CDCBC801E8C9}.Debug|Any CPU.Build.0 = Debug|Any CPU
		{EB826D78-741F-4229-B2E3-CDCBC801E8C9}.Debug|x64.ActiveCfg = Debug|Any CPU
		{EB826D78-741F-4229-B2E3-CDCBC801E8C9}.Debug|x64.Build.0 = Debug|Any CPU
		{EB826D78-741F-4229-B2E3-CDCBC801E8C9}.Debug|x86.ActiveCfg = Debug|Any CPU
		{EB826D78-741F-4229-B2E3-CDCBC801E8C9}.Debug|x86.Build.0 = Debug|Any CPU
		{EB826D78-741F-4229-B2E3-CDCBC801E8C9}.Release|Any CPU.ActiveCfg = Release|Any CPU
		{EB826D78-741F-4229-B2E3-CDCBC801E8C9}.Release|Any CPU.Build.0 = Release|Any CPU
		{EB826D78-741F-4229-B2E3-CDCBC801E8C9}.Release|x64.ActiveCfg = Release|Any CPU
		{EB826D78-741F-4229-B2E3-CDCBC801E8C9}.Release|x64.Build.0 = Release|Any CPU
		{EB826D78-741F-4229-B2E3-CDCBC801E8C9}.Release|x86.ActiveCfg = Release|Any CPU
		{EB826D78-741F-4229-B2E3-CDCBC801E8C9}.Release|x86.Build.0 = Release|Any CPU
	EndGlobalSection
	GlobalSection(SolutionProperties) = preSolution
		HideSolutionNode = FALSE
	EndGlobalSection
	GlobalSection(ExtensibilityGlobals) = postSolution
		SolutionGuid = {A65A0B3A-174A-4680-A0B3-6B00971A56F4}
	EndGlobalSection
EndGlobal
